// !$*UTF8*$!
{
	archiveVersion = 1;
	classes = {
	};
	objectVersion = 56;
	objects = {

/* Begin PBXBuildFile section */
		F5F74ACD299911A40096E32A /* AppDelegate.swift in Sources */ = {isa = PBXBuildFile; fileRef = F5F74ACC299911A40096E32A /* AppDelegate.swift */; };
		F5F74ACF299911A40096E32A /* SceneDelegate.swift in Sources */ = {isa = PBXBuildFile; fileRef = F5F74ACE299911A40096E32A /* SceneDelegate.swift */; };
		F5F74AD1299911A40096E32A /* ViewController.swift in Sources */ = {isa = PBXBuildFile; fileRef = F5F74AD0299911A40096E32A /* ViewController.swift */; };
		F5F74AD4299911A40096E32A /* Main.storyboard in Resources */ = {isa = PBXBuildFile; fileRef = F5F74AD2299911A40096E32A /* Main.storyboard */; };
		F5F74AD6299911AC0096E32A /* Assets.xcassets in Resources */ = {isa = PBXBuildFile; fileRef = F5F74AD5299911AC0096E32A /* Assets.xcassets */; };
		F5F74AD9299911AC0096E32A /* LaunchScreen.storyboard in Resources */ = {isa = PBXBuildFile; fileRef = F5F74AD7299911AC0096E32A /* LaunchScreen.storyboard */; };
		F5F74AE4299911AD0096E32A /* NewsReaderTests.swift in Sources */ = {isa = PBXBuildFile; fileRef = F5F74AE3299911AD0096E32A /* NewsReaderTests.swift */; };
		F5F74AEE299911AD0096E32A /* NewsReaderUITests.swift in Sources */ = {isa = PBXBuildFile; fileRef = F5F74AED299911AD0096E32A /* NewsReaderUITests.swift */; };
		F5F74AF0299911AD0096E32A /* NewsReaderUITestsLaunchTests.swift in Sources */ = {isa = PBXBuildFile; fileRef = F5F74AEF299911AD0096E32A /* NewsReaderUITestsLaunchTests.swift */; };
		F5F74AFD299914210096E32A /* APICaller.swift in Sources */ = {isa = PBXBuildFile; fileRef = F5F74AFC299914210096E32A /* APICaller.swift */; };
		F5F74AFF29991CD60096E32A /* NewsTableViewCell.swift in Sources */ = {isa = PBXBuildFile; fileRef = F5F74AFE29991CD60096E32A /* NewsTableViewCell.swift */; };
/* End PBXBuildFile section */

/* Begin PBXContainerItemProxy section */
		F5F74AE0299911AD0096E32A /* PBXContainerItemProxy */ = {
			isa = PBXContainerItemProxy;
			containerPortal = F5F74AC1299911A40096E32A /* Project object */;
			proxyType = 1;
			remoteGlobalIDString = F5F74AC8299911A40096E32A;
			remoteInfo = NewsReader;
		};
		F5F74AEA299911AD0096E32A /* PBXContainerItemProxy */ = {
			isa = PBXContainerItemProxy;
			containerPortal = F5F74AC1299911A40096E32A /* Project object */;
			proxyType = 1;
			remoteGlobalIDString = F5F74AC8299911A40096E32A;
			remoteInfo = NewsReader;
		};
/* End PBXContainerItemProxy section */

/* Begin PBXFileReference section */
		F5F74AC9299911A40096E32A /* NewsReader.app */ = {isa = PBXFileReference; explicitFileType = wrapper.application; includeInIndex = 0; path = NewsReader.app; sourceTree = BUILT_PRODUCTS_DIR; };
		F5F74ACC299911A40096E32A /* AppDelegate.swift */ = {isa = PBXFileReference; lastKnownFileType = sourcecode.swift; path = AppDelegate.swift; sourceTree = "<group>"; };
		F5F74ACE299911A40096E32A /* SceneDelegate.swift */ = {isa = PBXFileReference; lastKnownFileType = sourcecode.swift; path = SceneDelegate.swift; sourceTree = "<group>"; };
		F5F74AD0299911A40096E32A /* ViewController.swift */ = {isa = PBXFileReference; lastKnownFileType = sourcecode.swift; path = ViewController.swift; sourceTree = "<group>"; };
		F5F74AD3299911A40096E32A /* Base */ = {isa = PBXFileReference; lastKnownFileType = file.storyboard; name = Base; path = Base.lproj/Main.storyboard; sourceTree = "<group>"; };
		F5F74AD5299911AC0096E32A /* Assets.xcassets */ = {isa = PBXFileReference; lastKnownFileType = folder.assetcatalog; path = Assets.xcassets; sourceTree = "<group>"; };
		F5F74AD8299911AC0096E32A /* Base */ = {isa = PBXFileReference; lastKnownFileType = file.storyboard; name = Base; path = Base.lproj/LaunchScreen.storyboard; sourceTree = "<group>"; };
		F5F74ADA299911AC0096E32A /* Info.plist */ = {isa = PBXFileReference; lastKnownFileType = text.plist.xml; path = Info.plist; sourceTree = "<group>"; };
		F5F74ADF299911AD0096E32A /* NewsReaderTests.xctest */ = {isa = PBXFileReference; explicitFileType = wrapper.cfbundle; includeInIndex = 0; path = NewsReaderTests.xctest; sourceTree = BUILT_PRODUCTS_DIR; };
		F5F74AE3299911AD0096E32A /* NewsReaderTests.swift */ = {isa = PBXFileReference; lastKnownFileType = sourcecode.swift; path = NewsReaderTests.swift; sourceTree = "<group>"; };
		F5F74AE9299911AD0096E32A /* NewsReaderUITests.xctest */ = {isa = PBXFileReference; explicitFileType = wrapper.cfbundle; includeInIndex = 0; path = NewsReaderUITests.xctest; sourceTree = BUILT_PRODUCTS_DIR; };
		F5F74AED299911AD0096E32A /* NewsReaderUITests.swift */ = {isa = PBXFileReference; lastKnownFileType = sourcecode.swift; path = NewsReaderUITests.swift; sourceTree = "<group>"; };
		F5F74AEF299911AD0096E32A /* NewsReaderUITestsLaunchTests.swift */ = {isa = PBXFileReference; lastKnownFileType = sourcecode.swift; path = NewsReaderUITestsLaunchTests.swift; sourceTree = "<group>"; };
		F5F74AFC299914210096E32A /* APICaller.swift */ = {isa = PBXFileReference; lastKnownFileType = sourcecode.swift; path = APICaller.swift; sourceTree = "<group>"; };
		F5F74AFE29991CD60096E32A /* NewsTableViewCell.swift */ = {isa = PBXFileReference; lastKnownFileType = sourcecode.swift; path = NewsTableViewCell.swift; sourceTree = "<group>"; };
/* End PBXFileReference section */

/* Begin PBXFrameworksBuildPhase section */
		F5F74AC6299911A40096E32A /* Frameworks */ = {
			isa = PBXFrameworksBuildPhase;
			buildActionMask = 2147483647;
			files = (
			);
			runOnlyForDeploymentPostprocessing = 0;
		};
		F5F74ADC299911AD0096E32A /* Frameworks */ = {
			isa = PBXFrameworksBuildPhase;
			buildActionMask = 2147483647;
			files = (
			);
			runOnlyForDeploymentPostprocessing = 0;
		};
		F5F74AE6299911AD0096E32A /* Frameworks */ = {
			isa = PBXFrameworksBuildPhase;
			buildActionMask = 2147483647;
			files = (
			);
			runOnlyForDeploymentPostprocessing = 0;
		};
/* End PBXFrameworksBuildPhase section */

/* Begin PBXGroup section */
		F5F74AC0299911A40096E32A = {
			isa = PBXGroup;
			children = (
				F5F74ACB299911A40096E32A /* NewsReader */,
				F5F74AE2299911AD0096E32A /* NewsReaderTests */,
				F5F74AEC299911AD0096E32A /* NewsReaderUITests */,
				F5F74ACA299911A40096E32A /* Products */,
			);
			sourceTree = "<group>";
		};
		F5F74ACA299911A40096E32A /* Products */ = {
			isa = PBXGroup;
			children = (
				F5F74AC9299911A40096E32A /* NewsReader.app */,
				F5F74ADF299911AD0096E32A /* NewsReaderTests.xctest */,
				F5F74AE9299911AD0096E32A /* NewsReaderUITests.xctest */,
			);
			name = Products;
			sourceTree = "<group>";
		};
		F5F74ACB299911A40096E32A /* NewsReader */ = {
			isa = PBXGroup;
			children = (
				F5F74ACC299911A40096E32A /* AppDelegate.swift */,
				F5F74ACE299911A40096E32A /* SceneDelegate.swift */,
				F5F74AD0299911A40096E32A /* ViewController.swift */,
				F5F74AD2299911A40096E32A /* Main.storyboard */,
				F5F74AD5299911AC0096E32A /* Assets.xcassets */,
				F5F74AD7299911AC0096E32A /* LaunchScreen.storyboard */,
				F5F74ADA299911AC0096E32A /* Info.plist */,
				F5F74AFC299914210096E32A /* APICaller.swift */,
				F5F74AFE29991CD60096E32A /* NewsTableViewCell.swift */,
			);
			path = NewsReader;
			sourceTree = "<group>";
		};
		F5F74AE2299911AD0096E32A /* NewsReaderTests */ = {
			isa = PBXGroup;
			children = (
				F5F74AE3299911AD0096E32A /* NewsReaderTests.swift */,
			);
			path = NewsReaderTests;
			sourceTree = "<group>";
		};
		F5F74AEC299911AD0096E32A /* NewsReaderUITests */ = {
			isa = PBXGroup;
			children = (
				F5F74AED299911AD0096E32A /* NewsReaderUITests.swift */,
				F5F74AEF299911AD0096E32A /* NewsReaderUITestsLaunchTests.swift */,
			);
			path = NewsReaderUITests;
			sourceTree = "<group>";
		};
/* End PBXGroup section */

/* Begin PBXNativeTarget section */
		F5F74AC8299911A40096E32A /* NewsReader */ = {
			isa = PBXNativeTarget;
			buildConfigurationList = F5F74AF3299911AD0096E32A /* Build configuration list for PBXNativeTarget "NewsReader" */;
			buildPhases = (
				F5F74AC5299911A40096E32A /* Sources */,
				F5F74AC6299911A40096E32A /* Frameworks */,
				F5F74AC7299911A40096E32A /* Resources */,
			);
			buildRules = (
			);
			dependencies = (
			);
			name = NewsReader;
			productName = NewsReader;
			productReference = F5F74AC9299911A40096E32A /* NewsReader.app */;
			productType = "com.apple.product-type.application";
		};
		F5F74ADE299911AD0096E32A /* NewsReaderTests */ = {
			isa = PBXNativeTarget;
			buildConfigurationList = F5F74AF6299911AD0096E32A /* Build configuration list for PBXNativeTarget "NewsReaderTests" */;
			buildPhases = (
				F5F74ADB299911AD0096E32A /* Sources */,
				F5F74ADC299911AD0096E32A /* Frameworks */,
				F5F74ADD299911AD0096E32A /* Resources */,
			);
			buildRules = (
			);
			dependencies = (
				F5F74AE1299911AD0096E32A /* PBXTargetDependency */,
			);
			name = NewsReaderTests;
			productName = NewsReaderTests;
			productReference = F5F74ADF299911AD0096E32A /* NewsReaderTests.xctest */;
			productType = "com.apple.product-type.bundle.unit-test";
		};
		F5F74AE8299911AD0096E32A /* NewsReaderUITests */ = {
			isa = PBXNativeTarget;
			buildConfigurationList = F5F74AF9299911AD0096E32A /* Build configuration list for PBXNativeTarget "NewsReaderUITests" */;
			buildPhases = (
				F5F74AE5299911AD0096E32A /* Sources */,
				F5F74AE6299911AD0096E32A /* Frameworks */,
				F5F74AE7299911AD0096E32A /* Resources */,
			);
			buildRules = (
			);
			dependencies = (
				F5F74AEB299911AD0096E32A /* PBXTargetDependency */,
			);
			name = NewsReaderUITests;
			productName = NewsReaderUITests;
			productReference = F5F74AE9299911AD0096E32A /* NewsReaderUITests.xctest */;
			productType = "com.apple.product-type.bundle.ui-testing";
		};
/* End PBXNativeTarget section */

/* Begin PBXProject section */
		F5F74AC1299911A40096E32A /* Project object */ = {
			isa = PBXProject;
			attributes = {
				BuildIndependentTargetsInParallel = 1;
				LastSwiftUpdateCheck = 1420;
				LastUpgradeCheck = 1420;
				TargetAttributes = {
					F5F74AC8299911A40096E32A = {
						CreatedOnToolsVersion = 14.2;
					};
					F5F74ADE299911AD0096E32A = {
						CreatedOnToolsVersion = 14.2;
						TestTargetID = F5F74AC8299911A40096E32A;
					};
					F5F74AE8299911AD0096E32A = {
						CreatedOnToolsVersion = 14.2;
						TestTargetID = F5F74AC8299911A40096E32A;
					};
				};
			};
			buildConfigurationList = F5F74AC4299911A40096E32A /* Build configuration list for PBXProject "NewsReader" */;
			compatibilityVersion = "Xcode 14.0";
			developmentRegion = en;
			hasScannedForEncodings = 0;
			knownRegions = (
				en,
				Base,
			);
			mainGroup = F5F74AC0299911A40096E32A;
			productRefGroup = F5F74ACA299911A40096E32A /* Products */;
			projectDirPath = "";
			projectRoot = "";
			targets = (
				F5F74AC8299911A40096E32A /* NewsReader */,
				F5F74ADE299911AD0096E32A /* NewsReaderTests */,
				F5F74AE8299911AD0096E32A /* NewsReaderUITests */,
			);
		};
/* End PBXProject section */

/* Begin PBXResourcesBuildPhase section */
		F5F74AC7299911A40096E32A /* Resources */ = {
			isa = PBXResourcesBuildPhase;
			buildActionMask = 2147483647;
			files = (
				F5F74AD9299911AC0096E32A /* LaunchScreen.storyboard in Resources */,
				F5F74AD6299911AC0096E32A /* Assets.xcassets in Resources */,
				F5F74AD4299911A40096E32A /* Main.storyboard in Resources */,
			);
			runOnlyForDeploymentPostprocessing = 0;
		};
		F5F74ADD299911AD0096E32A /* Resources */ = {
			isa = PBXResourcesBuildPhase;
			buildActionMask = 2147483647;
			files = (
			);
			runOnlyForDeploymentPostprocessing = 0;
		};
		F5F74AE7299911AD0096E32A /* Resources */ = {
			isa = PBXResourcesBuildPhase;
			buildActionMask = 2147483647;
			files = (
			);
			runOnlyForDeploymentPostprocessing = 0;
		};
/* End PBXResourcesBuildPhase section */

/* Begin PBXSourcesBuildPhase section */
		F5F74AC5299911A40096E32A /* Sources */ = {
			isa = PBXSourcesBuildPhase;
			buildActionMask = 2147483647;
			files = (
				F5F74AD1299911A40096E32A /* ViewController.swift in Sources */,
				F5F74ACD299911A40096E32A /* AppDelegate.swift in Sources */,
				F5F74AFF29991CD60096E32A /* NewsTableViewCell.swift in Sources */,
				F5F74ACF299911A40096E32A /* SceneDelegate.swift in Sources */,
				F5F74AFD299914210096E32A /* APICaller.swift in Sources */,
			);
			runOnlyForDeploymentPostprocessing = 0;
		};
		F5F74ADB299911AD0096E32A /* Sources */ = {
			isa = PBXSourcesBuildPhase;
			buildActionMask = 2147483647;
			files = (
				F5F74AE4299911AD0096E32A /* NewsReaderTests.swift in Sources */,
			);
			runOnlyForDeploymentPostprocessing = 0;
		};
		F5F74AE5299911AD0096E32A /* Sources */ = {
			isa = PBXSourcesBuildPhase;
			buildActionMask = 2147483647;
			files = (
				F5F74AF0299911AD0096E32A /* NewsReaderUITestsLaunchTests.swift in Sources */,
				F5F74AEE299911AD0096E32A /* NewsReaderUITests.swift in Sources */,
			);
			runOnlyForDeploymentPostprocessing = 0;
		};
/* End PBXSourcesBuildPhase section */

/* Begin PBXTargetDependency section */
		F5F74AE1299911AD0096E32A /* PBXTargetDependency */ = {
			isa = PBXTargetDependency;
			target = F5F74AC8299911A40096E32A /* NewsReader */;
			targetProxy = F5F74AE0299911AD0096E32A /* PBXContainerItemProxy */;
		};
		F5F74AEB299911AD0096E32A /* PBXTargetDependency */ = {
			isa = PBXTargetDependency;
			target = F5F74AC8299911A40096E32A /* NewsReader */;
			targetProxy = F5F74AEA299911AD0096E32A /* PBXContainerItemProxy */;
		};
/* End PBXTargetDependency section */

/* Begin PBXVariantGroup section */
		F5F74AD2299911A40096E32A /* Main.storyboard */ = {
			isa = PBXVariantGroup;
			children = (
				F5F74AD3299911A40096E32A /* Base */,
			);
			name = Main.storyboard;
			sourceTree = "<group>";
		};
		F5F74AD7299911AC0096E32A /* LaunchScreen.storyboard */ = {
			isa = PBXVariantGroup;
			children = (
				F5F74AD8299911AC0096E32A /* Base */,
			);
			name = LaunchScreen.storyboard;
			sourceTree = "<group>";
		};
/* End PBXVariantGroup section */

/* Begin XCBuildConfiguration section */
		F5F74AF1299911AD0096E32A /* Debug */ = {
			isa = XCBuildConfiguration;
			buildSettings = {
				ALWAYS_SEARCH_USER_PATHS = NO;
				CLANG_ANALYZER_NONNULL = YES;
				CLANG_ANALYZER_NUMBER_OBJECT_CONVERSION = YES_AGGRESSIVE;
				CLANG_CXX_LANGUAGE_STANDARD = "gnu++20";
				CLANG_ENABLE_MODULES = YES;
				CLANG_ENABLE_OBJC_ARC = YES;
				CLANG_ENABLE_OBJC_WEAK = YES;
				CLANG_WARN_BLOCK_CAPTURE_AUTORELEASING = YES;
				CLANG_WARN_BOOL_CONVERSION = YES;
				CLANG_WARN_COMMA = YES;
				CLANG_WARN_CONSTANT_CONVERSION = YES;
				CLANG_WARN_DEPRECATED_OBJC_IMPLEMENTATIONS = YES;
				CLANG_WARN_DIRECT_OBJC_ISA_USAGE = YES_ERROR;
				CLANG_WARN_DOCUMENTATION_COMMENTS = YES;
				CLANG_WARN_EMPTY_BODY = YES;
				CLANG_WARN_ENUM_CONVERSION = YES;
				CLANG_WARN_INFINITE_RECURSION = YES;
				CLANG_WARN_INT_CONVERSION = YES;
				CLANG_WARN_NON_LITERAL_NULL_CONVERSION = YES;
				CLANG_WARN_OBJC_IMPLICIT_RETAIN_SELF = YES;
				CLANG_WARN_OBJC_LITERAL_CONVERSION = YES;
				CLANG_WARN_OBJC_ROOT_CLASS = YES_ERROR;
				CLANG_WARN_QUOTED_INCLUDE_IN_FRAMEWORK_HEADER = YES;
				CLANG_WARN_RANGE_LOOP_ANALYSIS = YES;
				CLANG_WARN_STRICT_PROTOTYPES = YES;
				CLANG_WARN_SUSPICIOUS_MOVE = YES;
				CLANG_WARN_UNGUARDED_AVAILABILITY = YES_AGGRESSIVE;
				CLANG_WARN_UNREACHABLE_CODE = YES;
				CLANG_WARN__DUPLICATE_METHOD_MATCH = YES;
				COPY_PHASE_STRIP = NO;
				DEBUG_INFORMATION_FORMAT = dwarf;
				ENABLE_STRICT_OBJC_MSGSEND = YES;
				ENABLE_TESTABILITY = YES;
				GCC_C_LANGUAGE_STANDARD = gnu11;
				GCC_DYNAMIC_NO_PIC = NO;
				GCC_NO_COMMON_BLOCKS = YES;
				GCC_OPTIMIZATION_LEVEL = 0;
				GCC_PREPROCESSOR_DEFINITIONS = (
					"DEBUG=1",
					"$(inherited)",
				);
				GCC_WARN_64_TO_32_BIT_CONVERSION = YES;
				GCC_WARN_ABOUT_RETURN_TYPE = YES_ERROR;
				GCC_WARN_UNDECLARED_SELECTOR = YES;
				GCC_WARN_UNINITIALIZED_AUTOS = YES_AGGRESSIVE;
				GCC_WARN_UNUSED_FUNCTION = YES;
				GCC_WARN_UNUSED_VARIABLE = YES;
				IPHONEOS_DEPLOYMENT_TARGET = 16.2;
				MTL_ENABLE_DEBUG_INFO = INCLUDE_SOURCE;
				MTL_FAST_MATH = YES;
				ONLY_ACTIVE_ARCH = YES;
				SDKROOT = iphoneos;
				SWIFT_ACTIVE_COMPILATION_CONDITIONS = DEBUG;
				SWIFT_OPTIMIZATION_LEVEL = "-Onone";
			};
			name = Debug;
		};
		F5F74AF2299911AD0096E32A /* Release */ = {
			isa = XCBuildConfiguration;
			buildSettings = {
				ALWAYS_SEARCH_USER_PATHS = NO;
				CLANG_ANALYZER_NONNULL = YES;
				CLANG_ANALYZER_NUMBER_OBJECT_CONVERSION = YES_AGGRESSIVE;
				CLANG_CXX_LANGUAGE_STANDARD = "gnu++20";
				CLANG_ENABLE_MODULES = YES;
				CLANG_ENABLE_OBJC_ARC = YES;
				CLANG_ENABLE_OBJC_WEAK = YES;
				CLANG_WARN_BLOCK_CAPTURE_AUTORELEASING = YES;
				CLANG_WARN_BOOL_CONVERSION = YES;
				CLANG_WARN_COMMA = YES;
				CLANG_WARN_CONSTANT_CONVERSION = YES;
				CLANG_WARN_DEPRECATED_OBJC_IMPLEMENTATIONS = YES;
				CLANG_WARN_DIRECT_OBJC_ISA_USAGE = YES_ERROR;
				CLANG_WARN_DOCUMENTATION_COMMENTS = YES;
				CLANG_WARN_EMPTY_BODY = YES;
				CLANG_WARN_ENUM_CONVERSION = YES;
				CLANG_WARN_INFINITE_RECURSION = YES;
				CLANG_WARN_INT_CONVERSION = YES;
				CLANG_WARN_NON_LITERAL_NULL_CONVERSION = YES;
				CLANG_WARN_OBJC_IMPLICIT_RETAIN_SELF = YES;
				CLANG_WARN_OBJC_LITERAL_CONVERSION = YES;
				CLANG_WARN_OBJC_ROOT_CLASS = YES_ERROR;
				CLANG_WARN_QUOTED_INCLUDE_IN_FRAMEWORK_HEADER = YES;
				CLANG_WARN_RANGE_LOOP_ANALYSIS = YES;
				CLANG_WARN_STRICT_PROTOTYPES = YES;
				CLANG_WARN_SUSPICIOUS_MOVE = YES;
				CLANG_WARN_UNGUARDED_AVAILABILITY = YES_AGGRESSIVE;
				CLANG_WARN_UNREACHABLE_CODE = YES;
				CLANG_WARN__DUPLICATE_METHOD_MATCH = YES;
				COPY_PHASE_STRIP = NO;
				DEBUG_INFORMATION_FORMAT = "dwarf-with-dsym";
				ENABLE_NS_ASSERTIONS = NO;
				ENABLE_STRICT_OBJC_MSGSEND = YES;
				GCC_C_LANGUAGE_STANDARD = gnu11;
				GCC_NO_COMMON_BLOCKS = YES;
				GCC_WARN_64_TO_32_BIT_CONVERSION = YES;
				GCC_WARN_ABOUT_RETURN_TYPE = YES_ERROR;
				GCC_WARN_UNDECLARED_SELECTOR = YES;
				GCC_WARN_UNINITIALIZED_AUTOS = YES_AGGRESSIVE;
				GCC_WARN_UNUSED_FUNCTION = YES;
				GCC_WARN_UNUSED_VARIABLE = YES;
				IPHONEOS_DEPLOYMENT_TARGET = 16.2;
				MTL_ENABLE_DEBUG_INFO = NO;
				MTL_FAST_MATH = YES;
				SDKROOT = iphoneos;
				SWIFT_COMPILATION_MODE = wholemodule;
				SWIFT_OPTIMIZATION_LEVEL = "-O";
				VALIDATE_PRODUCT = YES;
			};
			name = Release;
		};
		F5F74AF4299911AD0096E32A /* Debug */ = {
			isa = XCBuildConfiguration;
			buildSettings = {
				ASSETCATALOG_COMPILER_APPICON_NAME = AppIcon;
				ASSETCATALOG_COMPILER_GLOBAL_ACCENT_COLOR_NAME = AccentColor;
				CODE_SIGN_STYLE = Automatic;
				CURRENT_PROJECT_VERSION = 1;
				GENERATE_INFOPLIST_FILE = YES;
				INFOPLIST_FILE = NewsReader/Info.plist;
				INFOPLIST_KEY_UIApplicationSupportsIndirectInputEvents = YES;
				INFOPLIST_KEY_UILaunchStoryboardName = LaunchScreen;
				INFOPLIST_KEY_UIMainStoryboardFile = Main;
				INFOPLIST_KEY_UISupportedInterfaceOrientations_iPad = "UIInterfaceOrientationPortrait UIInterfaceOrientationPortraitUpsideDown UIInterfaceOrientationLandscapeLeft UIInterfaceOrientationLandscapeRight";
				INFOPLIST_KEY_UISupportedInterfaceOrientations_iPhone = "UIInterfaceOrientationPortrait UIInterfaceOrientationLandscapeLeft UIInterfaceOrientationLandscapeRight";
				LD_RUNPATH_SEARCH_PATHS = (
					"$(inherited)",
					"@executable_path/Frameworks",
				);
				MARKETING_VERSION = 1.0;
				PRODUCT_BUNDLE_IDENTIFIER = sanjaii.NewsReader;
				PRODUCT_NAME = "$(TARGET_NAME)";
				SWIFT_EMIT_LOC_STRINGS = YES;
				SWIFT_VERSION = 5.0;
				TARGETED_DEVICE_FAMILY = "1,2";
			};
			name = Debug;
		};
		F5F74AF5299911AD0096E32A /* Release */ = {
			isa = XCBuildConfiguration;
			buildSettings = {
				ASSETCATALOG_COMPILER_APPICON_NAME = AppIcon;
				ASSETCATALOG_COMPILER_GLOBAL_ACCENT_COLOR_NAME = AccentColor;
				CODE_SIGN_STYLE = Automatic;
				CURRENT_PROJECT_VERSION = 1;
				GENERATE_INFOPLIST_FILE = YES;
				INFOPLIST_FILE = NewsReader/Info.plist;
				INFOPLIST_KEY_UIApplicationSupportsIndirectInputEvents = YES;
				INFOPLIST_KEY_UILaunchStoryboardName = LaunchScreen;
				INFOPLIST_KEY_UIMainStoryboardFile = Main;
				INFOPLIST_KEY_UISupportedInterfaceOrientations_iPad = "UIInterfaceOrientationPortrait UIInterfaceOrientationPortraitUpsideDown UIInterfaceOrientationLandscapeLeft UIInterfaceOrientationLandscapeRight";
				INFOPLIST_KEY_UISupportedInterfaceOrientations_iPhone = "UIInterfaceOrientationPortrait UIInterfaceOrientationLandscapeLeft UIInterfaceOrientationLandscapeRight";
				LD_RUNPATH_SEARCH_PATHS = (
					"$(inherited)",
					"@executable_path/Frameworks",
				);
				MARKETING_VERSION = 1.0;
				PRODUCT_BUNDLE_IDENTIFIER = sanjaii.NewsReader;
				PRODUCT_NAME = "$(TARGET_NAME)";
				SWIFT_EMIT_LOC_STRINGS = YES;
				SWIFT_VERSION = 5.0;
				TARGETED_DEVICE_FAMILY = "1,2";
			};
			name = Release;
		};
		F5F74AF7299911AD0096E32A /* Debug */ = {
			isa = XCBuildConfiguration;
			buildSettings = {
				ALWAYS_EMBED_SWIFT_STANDARD_LIBRARIES = YES;
				BUNDLE_LOADER = "$(TEST_HOST)";
				CODE_SIGN_STYLE = Automatic;
				CURRENT_PROJECT_VERSION = 1;
				GENERATE_INFOPLIST_FILE = YES;
				IPHONEOS_DEPLOYMENT_TARGET = 16.2;
				MARKETING_VERSION = 1.0;
				PRODUCT_BUNDLE_IDENTIFIER = sanjaii.NewsReaderTests;
				PRODUCT_NAME = "$(TARGET_NAME)";
				SWIFT_EMIT_LOC_STRINGS = NO;
				SWIFT_VERSION = 5.0;
				TARGETED_DEVICE_FAMILY = "1,2";
				TEST_HOST = "$(BUILT_PRODUCTS_DIR)/NewsReader.app/$(BUNDLE_EXECUTABLE_FOLDER_PATH)/NewsReader";
			};
			name = Debug;
		};
		F5F74AF8299911AD0096E32A /* Release */ = {
			isa = XCBuildConfiguration;
			buildSettings = {
				ALWAYS_EMBED_SWIFT_STANDARD_LIBRARIES = YES;
				BUNDLE_LOADER = "$(TEST_HOST)";
				CODE_SIGN_STYLE = Automatic;
				CURRENT_PROJECT_VERSION = 1;
				GENERATE_INFOPLIST_FILE = YES;
				IPHONEOS_DEPLOYMENT_TARGET = 16.2;
				MARKETING_VERSION = 1.0;
				PRODUCT_BUNDLE_IDENTIFIER = sanjaii.NewsReaderTests;
				PRODUCT_NAME = "$(TARGET_NAME)";
				SWIFT_EMIT_LOC_STRINGS = NO;
				SWIFT_VERSION = 5.0;
				TARGETED_DEVICE_FAMILY = "1,2";
				TEST_HOST = "$(BUILT_PRODUCTS_DIR)/NewsReader.app/$(BUNDLE_EXECUTABLE_FOLDER_PATH)/NewsReader";
			};
			name = Release;
		};
		F5F74AFA299911AD0096E32A /* Debug */ = {
			isa = XCBuildConfiguration;
			buildSettings = {
				ALWAYS_EMBED_SWIFT_STANDARD_LIBRARIES = YES;
				CODE_SIGN_STYLE = Automatic;
				CURRENT_PROJECT_VERSION = 1;
				GENERATE_INFOPLIST_FILE = YES;
				MARKETING_VERSION = 1.0;
				PRODUCT_BUNDLE_IDENTIFIER = sanjaii.NewsReaderUITests;
				PRODUCT_NAME = "$(TARGET_NAME)";
				SWIFT_EMIT_LOC_STRINGS = NO;
				SWIFT_VERSION = 5.0;
				TARGETED_DEVICE_FAMILY = "1,2";
				TEST_TARGET_NAME = NewsReader;
			};
			name = Debug;
		};
		F5F74AFB299911AD0096E32A /* Release */ = {
			isa = XCBuildConfiguration;
			buildSettings = {
				ALWAYS_EMBED_SWIFT_STANDARD_LIBRARIES = YES;
				CODE_SIGN_STYLE = Automatic;
				CURRENT_PROJECT_VERSION = 1;
				GENERATE_INFOPLIST_FILE = YES;
				MARKETING_VERSION = 1.0;
				PRODUCT_BUNDLE_IDENTIFIER = sanjaii.NewsReaderUITests;
				PRODUCT_NAME = "$(TARGET_NAME)";
				SWIFT_EMIT_LOC_STRINGS = NO;
				SWIFT_VERSION = 5.0;
				TARGETED_DEVICE_FAMILY = "1,2";
				TEST_TARGET_NAME = NewsReader;
			};
			name = Release;
		};
/* End XCBuildConfiguration section */

/* Begin XCConfigurationList section */
		F5F74AC4299911A40096E32A /* Build configuration list for PBXProject "NewsReader" */ = {
			isa = XCConfigurationList;
			buildConfigurations = (
				F5F74AF1299911AD0096E32A /* Debug */,
				F5F74AF2299911AD0096E32A /* Release */,
			);
			defaultConfigurationIsVisible = 0;
			defaultConfigurationName = Release;
		};
		F5F74AF3299911AD0096E32A /* Build configuration list for PBXNativeTarget "NewsReader" */ = {
			isa = XCConfigurationList;
			buildConfigurations = (
				F5F74AF4299911AD0096E32A /* Debug */,
				F5F74AF5299911AD0096E32A /* Release */,
			);
			defaultConfigurationIsVisible = 0;
			defaultConfigurationName = Release;
		};
		F5F74AF6299911AD0096E32A /* Build configuration list for PBXNativeTarget "NewsReaderTests" */ = {
			isa = XCConfigurationList;
			buildConfigurations = (
				F5F74AF7299911AD0096E32A /* Debug */,
				F5F74AF8299911AD0096E32A /* Release */,
			);
			defaultConfigurationIsVisible = 0;
			defaultConfigurationName = Release;
		};
		F5F74AF9299911AD0096E32A /* Build configuration list for PBXNativeTarget "NewsReaderUITests" */ = {
			isa = XCConfigurationList;
			buildConfigurations = (
				F5F74AFA299911AD0096E32A /* Debug */,
				F5F74AFB299911AD0096E32A /* Release */,
			);
			defaultConfigurationIsVisible = 0;
			defaultConfigurationName = Release;
		};
/* End XCConfigurationList section */
	};
	rootObject = F5F74AC1299911A40096E32A /* Project object */;
}
